
Microsoft Visual Studio Solution File, Format Version 12.00
# Visual Studio 2013
VisualStudioVersion = 12.0.21005.1
MinimumVisualStudioVersion = 10.0.40219.1
Project("{2150E333-8FDC-42A3-9474-1A3956D46DE8}") = ".nuget", ".nuget", "{7980B678-2F08-4343-AD48-D06B58E1DC02}"
	ProjectSection(SolutionItems) = preProject
		.nuget\NuGet.Config = .nuget\NuGet.Config
		.nuget\NuGet.exe = .nuget\NuGet.exe
		.nuget\NuGet.targets = .nuget\NuGet.targets
	EndProjectSection
EndProject
Project("{2150E333-8FDC-42A3-9474-1A3956D46DE8}") = "src", "src", "{0B4A2818-02AC-4BF3-ADD5-DD4633FE9722}"
EndProject
Project("{2150E333-8FDC-42A3-9474-1A3956D46DE8}") = "test", "test", "{34BB8802-9F0C-4571-ADB8-5A754DD6D99A}"
EndProject
Project("{2150E333-8FDC-42A3-9474-1A3956D46DE8}") = "Implementation", "Implementation", "{44893330-7B02-403C-9A2B-20F64B5C4BF7}"
EndProject
Project("{FAE04EC0-301F-11D3-BF4B-00C04F79EFBC}") = "MsBwUtility", "src\Implementation\MsBwUtility\MsBwUtility.csproj", "{D5B2F116-23A5-40AD-8D6E-D52F68304569}"
EndProject
Project("{2150E333-8FDC-42A3-9474-1A3956D46DE8}") = "Testing", "Testing", "{F1084CAF-5941-47D8-BD05-393F8CBC2B76}"
EndProject
Project("{FAE04EC0-301F-11D3-BF4B-00C04F79EFBC}") = "MsbwTest", "src\Testing\MsbwTest\MsbwTest.csproj", "{E4A41539-3A82-4450-993C-0AF590C28047}"
EndProject
Project("{2150E333-8FDC-42A3-9474-1A3956D46DE8}") = "Implementation", "Implementation", "{299FFA68-C199-4A8F-A121-73F192C0F43B}"
EndProject
Project("{2150E333-8FDC-42A3-9474-1A3956D46DE8}") = "Testing", "Testing", "{6716D037-B12E-4F1C-B30C-A0F19137D78C}"
EndProject
Project("{FAE04EC0-301F-11D3-BF4B-00C04F79EFBC}") = "MsbwTest_Test", "test\Testing\MsbwTest_Test\MsbwTest_Test.csproj", "{0D7880B5-F30D-46D1-AC3D-693D34DB280E}"
EndProject
Project("{FAE04EC0-301F-11D3-BF4B-00C04F79EFBC}") = "MsBwUtilityTest", "test\Implementation\MsBwUtilityTest\MsBwUtilityTest.csproj", "{EAA35961-CFCA-468D-B5E7-5AF583211E51}"
EndProject
Project("{FAE04EC0-301F-11D3-BF4B-00C04F79EFBC}") = "Bsw.NHibernateUtils", "src\Implementation\Bsw.NHibernateUtils\Bsw.NHibernateUtils.csproj", "{D4C0D6EE-F61D-4BF2-BF9E-EE7F2004F10F}"
EndProject
Project("{FAE04EC0-301F-11D3-BF4B-00C04F79EFBC}") = "Bsw.BaseEntities", "src\Implementation\Bsw.BaseEntities\Bsw.BaseEntities.csproj", "{F63184CA-7164-43A9-BD35-26FAA2078B51}"
EndProject
Project("{FAE04EC0-301F-11D3-BF4B-00C04F79EFBC}") = "Bsw.BaseEntities.Test", "test\Implementation\Bsw.BaseEntities.Test\Bsw.BaseEntities.Test.csproj", "{668E49CF-C779-406A-8504-B9EEE1D3B856}"
EndProject
Project("{FAE04EC0-301F-11D3-BF4B-00C04F79EFBC}") = "Bsw.NHibernateUtils.Test", "test\Implementation\Bsw.NHibernateUtils.Test\Bsw.NHibernateUtils.Test.csproj", "{F6A633E2-470A-465A-AA1F-FD81F7EBFC8B}"
EndProject
Project("{FAE04EC0-301F-11D3-BF4B-00C04F79EFBC}") = "Bsw.NHibernate.Testing", "src\Testing\Bsw.NHibernate.Testing\Bsw.NHibernate.Testing.csproj", "{95AC1AD0-0913-4BDB-AE8E-7F844E4A70D3}"
EndProject
Project("{FAE04EC0-301F-11D3-BF4B-00C04F79EFBC}") = "Bsw.RubyExecution", "src\Testing\Bsw.RubyExecution\Bsw.RubyExecution.csproj", "{EF2DA0B4-BC3D-4625-9ABE-E3AC66D7CD57}"
EndProject
Project("{FAE04EC0-301F-11D3-BF4B-00C04F79EFBC}") = "Bsw.RubyExecution.Test", "test\Testing\Bsw.RubyExecution.Test\Bsw.RubyExecution.Test.csproj", "{4CE86329-22AC-459E-B2F4-3888E1424858}"
EndProject
Project("{FAE04EC0-301F-11D3-BF4B-00C04F79EFBC}") = "Bsw.Wpf.Utilities", "src\Implementation\Bsw.Wpf.Utilities\Bsw.Wpf.Utilities.csproj", "{D057002C-4F07-42B0-8BB5-E1AD6FBC5C58}"
EndProject
Project("{FAE04EC0-301F-11D3-BF4B-00C04F79EFBC}") = "Bsw.Wpf.Testing.Utilities", "src\Testing\Bsw.Wpf.Testing.Utilities\Bsw.Wpf.Testing.Utilities.csproj", "{0CD603AD-6441-48B0-BE41-1396C1FEA615}"
EndProject
Project("{FAE04EC0-301F-11D3-BF4B-00C04F79EFBC}") = "Bsw.Utilities.Windows.SystemTest", "src\Testing\Bsw.Utilities.Windows.SystemTest\Bsw.Utilities.Windows.SystemTest.csproj", "{D7152E85-153C-4589-A20E-5FC73E97ECC4}"
EndProject
Global
	GlobalSection(SolutionConfigurationPlatforms) = preSolution
		Debug|Any CPU = Debug|Any CPU
		Release|Any CPU = Release|Any CPU
	EndGlobalSection
	GlobalSection(ProjectConfigurationPlatforms) = postSolution
		{D5B2F116-23A5-40AD-8D6E-D52F68304569}.Debug|Any CPU.ActiveCfg = Debug|Any CPU
		{D5B2F116-23A5-40AD-8D6E-D52F68304569}.Debug|Any CPU.Build.0 = Debug|Any CPU
		{D5B2F116-23A5-40AD-8D6E-D52F68304569}.Release|Any CPU.ActiveCfg = Release|Any CPU
		{D5B2F116-23A5-40AD-8D6E-D52F68304569}.Release|Any CPU.Build.0 = Release|Any CPU
		{E4A41539-3A82-4450-993C-0AF590C28047}.Debug|Any CPU.ActiveCfg = Debug|Any CPU
		{E4A41539-3A82-4450-993C-0AF590C28047}.Debug|Any CPU.Build.0 = Debug|Any CPU
		{E4A41539-3A82-4450-993C-0AF590C28047}.Release|Any CPU.ActiveCfg = Release|Any CPU
		{E4A41539-3A82-4450-993C-0AF590C28047}.Release|Any CPU.Build.0 = Release|Any CPU
		{0D7880B5-F30D-46D1-AC3D-693D34DB280E}.Debug|Any CPU.ActiveCfg = Debug|Any CPU
		{0D7880B5-F30D-46D1-AC3D-693D34DB280E}.Debug|Any CPU.Build.0 = Debug|Any CPU
		{0D7880B5-F30D-46D1-AC3D-693D34DB280E}.Release|Any CPU.ActiveCfg = Release|Any CPU
		{0D7880B5-F30D-46D1-AC3D-693D34DB280E}.Release|Any CPU.Build.0 = Release|Any CPU
		{EAA35961-CFCA-468D-B5E7-5AF583211E51}.Debug|Any CPU.ActiveCfg = Debug|Any CPU
		{EAA35961-CFCA-468D-B5E7-5AF583211E51}.Debug|Any CPU.Build.0 = Debug|Any CPU
		{EAA35961-CFCA-468D-B5E7-5AF583211E51}.Release|Any CPU.ActiveCfg = Release|Any CPU
		{EAA35961-CFCA-468D-B5E7-5AF583211E51}.Release|Any CPU.Build.0 = Release|Any CPU
		{D4C0D6EE-F61D-4BF2-BF9E-EE7F2004F10F}.Debug|Any CPU.ActiveCfg = Debug|Any CPU
		{D4C0D6EE-F61D-4BF2-BF9E-EE7F2004F10F}.Debug|Any CPU.Build.0 = Debug|Any CPU
		{D4C0D6EE-F61D-4BF2-BF9E-EE7F2004F10F}.Release|Any CPU.ActiveCfg = Release|Any CPU
		{D4C0D6EE-F61D-4BF2-BF9E-EE7F2004F10F}.Release|Any CPU.Build.0 = Release|Any CPU
		{F63184CA-7164-43A9-BD35-26FAA2078B51}.Debug|Any CPU.ActiveCfg = Debug|Any CPU
		{F63184CA-7164-43A9-BD35-26FAA2078B51}.Debug|Any CPU.Build.0 = Debug|Any CPU
		{F63184CA-7164-43A9-BD35-26FAA2078B51}.Release|Any CPU.ActiveCfg = Release|Any CPU
		{F63184CA-7164-43A9-BD35-26FAA2078B51}.Release|Any CPU.Build.0 = Release|Any CPU
		{668E49CF-C779-406A-8504-B9EEE1D3B856}.Debug|Any CPU.ActiveCfg = Debug|Any CPU
		{668E49CF-C779-406A-8504-B9EEE1D3B856}.Debug|Any CPU.Build.0 = Debug|Any CPU
		{668E49CF-C779-406A-8504-B9EEE1D3B856}.Release|Any CPU.ActiveCfg = Release|Any CPU
		{668E49CF-C779-406A-8504-B9EEE1D3B856}.Release|Any CPU.Build.0 = Release|Any CPU
		{F6A633E2-470A-465A-AA1F-FD81F7EBFC8B}.Debug|Any CPU.ActiveCfg = Debug|Any CPU
		{F6A633E2-470A-465A-AA1F-FD81F7EBFC8B}.Debug|Any CPU.Build.0 = Debug|Any CPU
		{F6A633E2-470A-465A-AA1F-FD81F7EBFC8B}.Release|Any CPU.ActiveCfg = Release|Any CPU
		{F6A633E2-470A-465A-AA1F-FD81F7EBFC8B}.Release|Any CPU.Build.0 = Release|Any CPU
		{95AC1AD0-0913-4BDB-AE8E-7F844E4A70D3}.Debug|Any CPU.ActiveCfg = Debug|Any CPU
		{95AC1AD0-0913-4BDB-AE8E-7F844E4A70D3}.Debug|Any CPU.Build.0 = Debug|Any CPU
		{95AC1AD0-0913-4BDB-AE8E-7F844E4A70D3}.Release|Any CPU.ActiveCfg = Release|Any CPU
		{95AC1AD0-0913-4BDB-AE8E-7F844E4A70D3}.Release|Any CPU.Build.0 = Release|Any CPU
		{EF2DA0B4-BC3D-4625-9ABE-E3AC66D7CD57}.Debug|Any CPU.ActiveCfg = Debug|Any CPU
		{EF2DA0B4-BC3D-4625-9ABE-E3AC66D7CD57}.Debug|Any CPU.Build.0 = Debug|Any CPU
		{EF2DA0B4-BC3D-4625-9ABE-E3AC66D7CD57}.Release|Any CPU.ActiveCfg = Release|Any CPU
		{EF2DA0B4-BC3D-4625-9ABE-E3AC66D7CD57}.Release|Any CPU.Build.0 = Release|Any CPU
		{4CE86329-22AC-459E-B2F4-3888E1424858}.Debug|Any CPU.ActiveCfg = Debug|Any CPU
		{4CE86329-22AC-459E-B2F4-3888E1424858}.Debug|Any CPU.Build.0 = Debug|Any CPU
		{4CE86329-22AC-459E-B2F4-3888E1424858}.Release|Any CPU.ActiveCfg = Release|Any CPU
		{4CE86329-22AC-459E-B2F4-3888E1424858}.Release|Any CPU.Build.0 = Release|Any CPU
		{D057002C-4F07-42B0-8BB5-E1AD6FBC5C58}.Debug|Any CPU.ActiveCfg = Debug|Any CPU
		{D057002C-4F07-42B0-8BB5-E1AD6FBC5C58}.Debug|Any CPU.Build.0 = Debug|Any CPU
		{D057002C-4F07-42B0-8BB5-E1AD6FBC5C58}.Release|Any CPU.ActiveCfg = Release|Any CPU
		{D057002C-4F07-42B0-8BB5-E1AD6FBC5C58}.Release|Any CPU.Build.0 = Release|Any CPU
		{0CD603AD-6441-48B0-BE41-1396C1FEA615}.Debug|Any CPU.ActiveCfg = Debug|Any CPU
		{0CD603AD-6441-48B0-BE41-1396C1FEA615}.Debug|Any CPU.Build.0 = Debug|Any CPU
		{0CD603AD-6441-48B0-BE41-1396C1FEA615}.Release|Any CPU.ActiveCfg = Release|Any CPU
		{0CD603AD-6441-48B0-BE41-1396C1FEA615}.Release|Any CPU.Build.0 = Release|Any CPU
		{D7152E85-153C-4589-A20E-5FC73E97ECC4}.Debug|Any CPU.ActiveCfg = Debug|Any CPU
		{D7152E85-153C-4589-A20E-5FC73E97ECC4}.Debug|Any CPU.Build.0 = Debug|Any CPU
		{D7152E85-153C-4589-A20E-5FC73E97ECC4}.Release|Any CPU.ActiveCfg = Release|Any CPU
		{D7152E85-153C-4589-A20E-5FC73E97ECC4}.Release|Any CPU.Build.0 = Release|Any CPU
	EndGlobalSection
	GlobalSection(SolutionProperties) = preSolution
		HideSolutionNode = FALSE
	EndGlobalSection
	GlobalSection(NestedProjects) = preSolution
		{44893330-7B02-403C-9A2B-20F64B5C4BF7} = {0B4A2818-02AC-4BF3-ADD5-DD4633FE9722}
		{F1084CAF-5941-47D8-BD05-393F8CBC2B76} = {0B4A2818-02AC-4BF3-ADD5-DD4633FE9722}
		{299FFA68-C199-4A8F-A121-73F192C0F43B} = {34BB8802-9F0C-4571-ADB8-5A754DD6D99A}
		{6716D037-B12E-4F1C-B30C-A0F19137D78C} = {34BB8802-9F0C-4571-ADB8-5A754DD6D99A}
		{D5B2F116-23A5-40AD-8D6E-D52F68304569} = {44893330-7B02-403C-9A2B-20F64B5C4BF7}
		{D4C0D6EE-F61D-4BF2-BF9E-EE7F2004F10F} = {44893330-7B02-403C-9A2B-20F64B5C4BF7}
		{F63184CA-7164-43A9-BD35-26FAA2078B51} = {44893330-7B02-403C-9A2B-20F64B5C4BF7}
		{D057002C-4F07-42B0-8BB5-E1AD6FBC5C58} = {44893330-7B02-403C-9A2B-20F64B5C4BF7}
		{E4A41539-3A82-4450-993C-0AF590C28047} = {F1084CAF-5941-47D8-BD05-393F8CBC2B76}
		{95AC1AD0-0913-4BDB-AE8E-7F844E4A70D3} = {F1084CAF-5941-47D8-BD05-393F8CBC2B76}
		{EF2DA0B4-BC3D-4625-9ABE-E3AC66D7CD57} = {F1084CAF-5941-47D8-BD05-393F8CBC2B76}
		{0CD603AD-6441-48B0-BE41-1396C1FEA615} = {F1084CAF-5941-47D8-BD05-393F8CBC2B76}
		{D7152E85-153C-4589-A20E-5FC73E97ECC4} = {F1084CAF-5941-47D8-BD05-393F8CBC2B76}
		{EAA35961-CFCA-468D-B5E7-5AF583211E51} = {299FFA68-C199-4A8F-A121-73F192C0F43B}
		{668E49CF-C779-406A-8504-B9EEE1D3B856} = {299FFA68-C199-4A8F-A121-73F192C0F43B}
		{F6A633E2-470A-465A-AA1F-FD81F7EBFC8B} = {299FFA68-C199-4A8F-A121-73F192C0F43B}
		{0D7880B5-F30D-46D1-AC3D-693D34DB280E} = {6716D037-B12E-4F1C-B30C-A0F19137D78C}
		{4CE86329-22AC-459E-B2F4-3888E1424858} = {6716D037-B12E-4F1C-B30C-A0F19137D78C}
	EndGlobalSection
EndGlobal
